{
  "version": 4,
  "terraform_version": "1.14.3",
  "serial": 33,
  "lineage": "76201655-f6c4-bc86-9160-4def2625cba3",
  "outputs": {
    "dev-subnet-arn": {
      "value": "arn:aws:ec2:me-central-1:212208750468:subnet/subnet-0f155986ee54f6a7f",
      "type": "string"
    },
    "dev-subnet-cidr_block": {
      "value": "10.0.10.0/24",
      "type": "string"
    },
    "dev-subnet-id": {
      "value": "subnet-0f155986ee54f6a7f",
      "type": "string"
    },
    "dev-subnet-region": {
      "value": "me-central-1a",
      "type": "string"
    },
    "dev-subnet-tags_all": {
      "value": {
        "Name": "subnet-1-dev"
      },
      "type": [
        "map",
        "string"
      ]
    },
    "dev-subnet-tags_name": {
      "value": "subnet-1-dev",
      "type": "string"
    },
    "dev-vpc-arn": {
      "value": "arn:aws:ec2:me-central-1:212208750468:vpc/vpc-08cca1cfbb8c158e1",
      "type": "string"
    },
    "dev-vpc-cidr_block": {
      "value": "10.0.0.0/16",
      "type": "string"
    },
    "dev-vpc-id": {
      "value": "vpc-08cca1cfbb8c158e1",
      "type": "string"
    },
    "dev-vpc-region": {
      "value": "me-central-1",
      "type": "string"
    },
    "dev-vpc-tags_all": {
      "value": {
        "Name": "development",
        "vpc_env": "dev"
      },
      "type": [
        "map",
        "string"
      ]
    },
    "dev-vpc-tags_name": {
      "value": "development",
      "type": "string"
    }
  },
  "resources": [
    {
      "mode": "data",
      "type": "aws_vpc",
      "name": "existing_vpc",
      "provider": "provider[\"registry.terraform.io/hashicorp/aws\"]",
      "instances": [
        {
          "schema_version": 0,
          "attributes": {
            "arn": "arn:aws:ec2:me-central-1:212208750468:vpc/vpc-0a3ccfa34f8ccf642",
            "cidr_block": "172.31.0.0/16",
            "cidr_block_associations": [
              {
                "association_id": "vpc-cidr-assoc-06ca64066b252a301",
                "cidr_block": "172.31.0.0/16",
                "state": "associated"
              }
            ],
            "default": true,
            "dhcp_options_id": "dopt-00ffe05575f320712",
            "enable_dns_hostnames": true,
            "enable_dns_support": true,
            "enable_network_address_usage_metrics": false,
            "filter": null,
            "id": "vpc-0a3ccfa34f8ccf642",
            "instance_tenancy": "default",
            "ipv6_association_id": "",
            "ipv6_cidr_block": "",
            "main_route_table_id": "rtb-07abdc9dad1cb2b6d",
            "owner_id": "212208750468",
            "region": "me-central-1",
            "state": null,
            "tags": {},
            "timeouts": null
          },
          "sensitive_attributes": [],
          "identity_schema_version": 0
        }
      ]
    },
    {
      "mode": "managed",
      "type": "aws_subnet",
      "name": "dev_subnet_1",
      "provider": "provider[\"registry.terraform.io/hashicorp/aws\"]",
      "instances": [
        {
          "schema_version": 1,
          "attributes": {
            "arn": "arn:aws:ec2:me-central-1:212208750468:subnet/subnet-0f155986ee54f6a7f",
            "assign_ipv6_address_on_creation": false,
            "availability_zone": "me-central-1a",
            "availability_zone_id": "mec1-az1",
            "cidr_block": "10.0.10.0/24",
            "customer_owned_ipv4_pool": "",
            "enable_dns64": false,
            "enable_lni_at_device_index": 0,
            "enable_resource_name_dns_a_record_on_launch": false,
            "enable_resource_name_dns_aaaa_record_on_launch": false,
            "id": "subnet-0f155986ee54f6a7f",
            "ipv6_cidr_block": "",
            "ipv6_cidr_block_association_id": "",
            "ipv6_native": false,
            "map_customer_owned_ip_on_launch": false,
            "map_public_ip_on_launch": false,
            "outpost_arn": "",
            "owner_id": "212208750468",
            "private_dns_hostname_type_on_launch": "ip-name",
            "region": "me-central-1",
            "tags": {
              "Name": "subnet-1-dev"
            },
            "tags_all": {
              "Name": "subnet-1-dev"
            },
            "timeouts": null,
            "vpc_id": "vpc-08cca1cfbb8c158e1"
          },
          "sensitive_attributes": [],
          "identity_schema_version": 0,
          "identity": {
            "account_id": "212208750468",
            "id": "subnet-0f155986ee54f6a7f",
            "region": "me-central-1"
          },
          "private": "eyJlMmJmYjczMC1lY2FhLTExZTYtOGY4OC0zNDM2M2JjN2M0YzAiOnsiY3JlYXRlIjo2MDAwMDAwMDAwMDAsImRlbGV0ZSI6MTIwMDAwMDAwMDAwMH0sInNjaGVtYV92ZXJzaW9uIjoiMSJ9",
          "dependencies": [
            "aws_vpc.development_vpc"
          ]
        }
      ]
    },
    {
      "mode": "managed",
      "type": "aws_subnet",
      "name": "dev_subnet_1_existing",
      "provider": "provider[\"registry.terraform.io/hashicorp/aws\"]",
      "instances": [
        {
          "schema_version": 1,
          "attributes": {
            "arn": "arn:aws:ec2:me-central-1:212208750468:subnet/subnet-089e19f0e5620e1fa",
            "assign_ipv6_address_on_creation": false,
            "availability_zone": "me-central-1a",
            "availability_zone_id": "mec1-az1",
            "cidr_block": "172.31.48.0/24",
            "customer_owned_ipv4_pool": "",
            "enable_dns64": false,
            "enable_lni_at_device_index": 0,
            "enable_resource_name_dns_a_record_on_launch": false,
            "enable_resource_name_dns_aaaa_record_on_launch": false,
            "id": "subnet-089e19f0e5620e1fa",
            "ipv6_cidr_block": "",
            "ipv6_cidr_block_association_id": "",
            "ipv6_native": false,
            "map_customer_owned_ip_on_launch": false,
            "map_public_ip_on_launch": false,
            "outpost_arn": "",
            "owner_id": "212208750468",
            "private_dns_hostname_type_on_launch": "ip-name",
            "region": "me-central-1",
            "tags": {
              "Name": "subnet-1-default"
            },
            "tags_all": {
              "Name": "subnet-1-default"
            },
            "timeouts": null,
            "vpc_id": "vpc-0a3ccfa34f8ccf642"
          },
          "sensitive_attributes": [],
          "identity_schema_version": 0,
          "identity": {
            "account_id": "212208750468",
            "id": "subnet-089e19f0e5620e1fa",
            "region": "me-central-1"
          },
          "private": "eyJlMmJmYjczMC1lY2FhLTExZTYtOGY4OC0zNDM2M2JjN2M0YzAiOnsiY3JlYXRlIjo2MDAwMDAwMDAwMDAsImRlbGV0ZSI6MTIwMDAwMDAwMDAwMH0sInNjaGVtYV92ZXJzaW9uIjoiMSJ9",
          "dependencies": [
            "data.aws_vpc.existing_vpc"
          ]
        }
      ]
    },
    {
      "mode": "managed",
      "type": "aws_vpc",
      "name": "development_vpc",
      "provider": "provider[\"registry.terraform.io/hashicorp/aws\"]",
      "instances": [
        {
          "schema_version": 1,
          "attributes": {
            "arn": "arn:aws:ec2:me-central-1:212208750468:vpc/vpc-08cca1cfbb8c158e1",
            "assign_generated_ipv6_cidr_block": false,
            "cidr_block": "10.0.0.0/16",
            "default_network_acl_id": "acl-01f68bd921e0755d9",
            "default_route_table_id": "rtb-0c4e47cc9ad968398",
            "default_security_group_id": "sg-0869ff06ba46e2859",
            "dhcp_options_id": "dopt-00ffe05575f320712",
            "enable_dns_hostnames": false,
            "enable_dns_support": true,
            "enable_network_address_usage_metrics": false,
            "id": "vpc-08cca1cfbb8c158e1",
            "instance_tenancy": "default",
            "ipv4_ipam_pool_id": null,
            "ipv4_netmask_length": null,
            "ipv6_association_id": "",
            "ipv6_cidr_block": "",
            "ipv6_cidr_block_network_border_group": "",
            "ipv6_ipam_pool_id": "",
            "ipv6_netmask_length": 0,
            "main_route_table_id": "rtb-0c4e47cc9ad968398",
            "owner_id": "212208750468",
            "region": "me-central-1",
            "tags": {
              "Name": "development",
              "vpc_env": "dev"
            },
            "tags_all": {
              "Name": "development",
              "vpc_env": "dev"
            }
          },
          "sensitive_attributes": [],
          "identity_schema_version": 0,
          "identity": {
            "account_id": "212208750468",
            "id": "vpc-08cca1cfbb8c158e1",
            "region": "me-central-1"
          },
          "private": "eyJzY2hlbWFfdmVyc2lvbiI6IjEifQ=="
        }
      ]
    }
  ],
  "check_results": null
}
